
Microsoft Visual Studio Solution File, Format Version 12.00
# Visual Studio Version 17
VisualStudioVersion = 17.13.36105.23
MinimumVisualStudioVersion = 10.0.40219.1
Project("{FAE04EC0-301F-11D3-BF4B-00C04F79EFBC}") = "AdPlatform", "AdPlatform\AdPlatform.csproj", "{D1165DA9-43EE-402A-9C10-1307C59EE811}"
EndProject
Project("{FAE04EC0-301F-11D3-BF4B-00C04F79EFBC}") = "AdPlatformTests", "AdPlatformTests\AdPlatformTests.csproj", "{AB1FC3B5-93D1-4FCC-AFA7-64D04D119453}"
EndProject
Global
	GlobalSection(SolutionConfigurationPlatforms) = preSolution
		Debug|Any CPU = Debug|Any CPU
		Release|Any CPU = Release|Any CPU
	EndGlobalSection
	GlobalSection(ProjectConfigurationPlatforms) = postSolution
		{D1165DA9-43EE-402A-9C10-1307C59EE811}.Debug|Any CPU.ActiveCfg = Debug|Any CPU
		{D1165DA9-43EE-402A-9C10-1307C59EE811}.Debug|Any CPU.Build.0 = Debug|Any CPU
		{D1165DA9-43EE-402A-9C10-1307C59EE811}.Release|Any CPU.ActiveCfg = Release|Any CPU
		{D1165DA9-43EE-402A-9C10-1307C59EE811}.Release|Any CPU.Build.0 = Release|Any CPU
		{AB1FC3B5-93D1-4FCC-AFA7-64D04D119453}.Debug|Any CPU.ActiveCfg = Debug|Any CPU
		{AB1FC3B5-93D1-4FCC-AFA7-64D04D119453}.Debug|Any CPU.Build.0 = Debug|Any CPU
		{AB1FC3B5-93D1-4FCC-AFA7-64D04D119453}.Release|Any CPU.ActiveCfg = Release|Any CPU
		{AB1FC3B5-93D1-4FCC-AFA7-64D04D119453}.Release|Any CPU.Build.0 = Release|Any CPU
	EndGlobalSection
	GlobalSection(SolutionProperties) = preSolution
		HideSolutionNode = FALSE
	EndGlobalSection
	GlobalSection(ExtensibilityGlobals) = postSolution
		SolutionGuid = {98992F1B-86F7-4957-8B7C-FB261B01AE5C}
	EndGlobalSection
EndGlobal
